<?xml version="1.0" encoding="utf-8"?>
<Project ToolsVersion="4.0" xmlns="http://schemas.microsoft.com/developer/msbuild/2003">
  <ItemGroup>
    <Filter Include="Source Files">
      <UniqueIdentifier>{4FC737F1-C7A5-4376-A066-2A32D752A2FF}</UniqueIdentifier>
      <Extensions>cpp;c;cc;cxx;def;odl;idl;hpj;bat;asm;asmx</Extensions>
    </Filter>
    <Filter Include="Header Files">
      <UniqueIdentifier>{93995380-89BD-4b04-88EB-625FBE52EBFB}</UniqueIdentifier>
      <Extensions>h;hh;hpp;hxx;hm;inl;inc;ipp;xsd</Extensions>
    </Filter>
    <Filter Include="Resource Files">
      <UniqueIdentifier>{67DA6AB6-F800-4c08-8B7A-83BB121AAD01}</UniqueIdentifier>
      <Extensions>rc;ico;cur;bmp;dlg;rc2;rct;bin;rgs;gif;jpg;jpeg;jpe;resx;tiff;tif;png;wav;mfcribbon-ms</Extensions>
    </Filter>
    <Filter Include="Source Files\Fundamentals">
      <UniqueIdentifier>{de8dfed7-e046-44d3-980f-306596478422}</UniqueIdentifier>
    </Filter>
    <Filter Include="Source Files\CoreFunctionalities">
      <UniqueIdentifier>{9eb7b5d9-b36e-4938-9c34-07ef6c053666}</UniqueIdentifier>
    </Filter>
  </ItemGroup>
  <ItemGroup>
    <ClCompile Include="OpenCV.cpp">
      <Filter>Source Files</Filter>
    </ClCompile>
    <ClCompile Include="stdafx.cpp">
      <Filter>Source Files</Filter>
    </ClCompile>
    <ClCompile Include="Fundamentals\OpenImageAndShow.cpp">
      <Filter>Source Files\Fundamentals</Filter>
    </ClCompile>
    <ClCompile Include="Fundamentals\ChangeToGrayScale.cpp">
      <Filter>Source Files\Fundamentals</Filter>
    </ClCompile>
    <ClCompile Include="Fundamentals\AffineTransform.cpp">
      <Filter>Source Files\Fundamentals</Filter>
    </ClCompile>
    <ClCompile Include="Fundamentals\Filtering.cpp">
      <Filter>Source Files\Fundamentals</Filter>
    </ClCompile>
    <ClCompile Include="CoreFunctionalities\DrawAndAddText.cpp">
      <Filter>Source Files\CoreFunctionalities</Filter>
    </ClCompile>
    <ClCompile Include="Fundamentals\BasicDataTypes.cpp">
      <Filter>Source Files\Fundamentals</Filter>
    </ClCompile>
  </ItemGroup>
  <ItemGroup>
    <ClInclude Include="stdafx.h">
      <Filter>Source Files</Filter>
    </ClInclude>
    <ClInclude Include="Fundamentals\OpenImageAndShow.h">
      <Filter>Source Files\Fundamentals</Filter>
    </ClInclude>
    <ClInclude Include="Fundamentals\ChangeToGrayScale.h">
      <Filter>Source Files\Fundamentals</Filter>
    </ClInclude>
    <ClInclude Include="Fundamentals\AffineTransform.h">
      <Filter>Source Files\Fundamentals</Filter>
    </ClInclude>
    <ClInclude Include="Fundamentals\Filtering.h">
      <Filter>Source Files\Fundamentals</Filter>
    </ClInclude>
    <ClInclude Include="CoreFunctionalities\DrawAndAddText.h">
      <Filter>Source Files\CoreFunctionalities</Filter>
    </ClInclude>
    <ClInclude Include="Fundamentals\BasicDataTypes.h">
      <Filter>Source Files\Fundamentals</Filter>
    </ClInclude>
  </ItemGroup>
  <ItemGroup>
    <Text Include="Fundamentals\Install.txt">
      <Filter>Source Files\Fundamentals</Filter>
    </Text>
  </ItemGroup>
</Project>